// !$*UTF8*$!
{
	archiveVersion = 1;
	classes = {
	};
	objectVersion = 50;
	objects = {

/* Begin PBXBuildFile section */
		02D1595D23101E6F00D27197 /* AppDelegate.swift in Sources */ = {isa = PBXBuildFile; fileRef = 02D1595C23101E6F00D27197 /* AppDelegate.swift */; };
		02D1596223101E6F00D27197 /* Main.storyboard in Resources */ = {isa = PBXBuildFile; fileRef = 02D1596023101E6F00D27197 /* Main.storyboard */; };
		02D1596423101E7000D27197 /* Assets.xcassets in Resources */ = {isa = PBXBuildFile; fileRef = 02D1596323101E7000D27197 /* Assets.xcassets */; };
		02D1596723101E7000D27197 /* LaunchScreen.storyboard in Resources */ = {isa = PBXBuildFile; fileRef = 02D1596523101E7000D27197 /* LaunchScreen.storyboard */; };
		02D15974231024AC00D27197 /* ListViewController.swift in Sources */ = {isa = PBXBuildFile; fileRef = 02D15973231024AC00D27197 /* ListViewController.swift */; };
		02D15976231026E200D27197 /* FeatureViewController.swift in Sources */ = {isa = PBXBuildFile; fileRef = 02D15975231026E200D27197 /* FeatureViewController.swift */; };
		02D159782310274D00D27197 /* GridViewController.swift in Sources */ = {isa = PBXBuildFile; fileRef = 02D159772310274D00D27197 /* GridViewController.swift */; };
		02D1597C2310312400D27197 /* PhotoTableCell.swift in Sources */ = {isa = PBXBuildFile; fileRef = 02D1597B2310312400D27197 /* PhotoTableCell.swift */; };
		02D1597E2310398300D27197 /* Photo.swift in Sources */ = {isa = PBXBuildFile; fileRef = 02D1597D2310398300D27197 /* Photo.swift */; };
		02D15980231342C200D27197 /* PhotoCollectionCell.swift in Sources */ = {isa = PBXBuildFile; fileRef = 02D1597F231342C200D27197 /* PhotoCollectionCell.swift */; };
		02D1598523136D8600D27197 /* PhotoAPI.swift in Sources */ = {isa = PBXBuildFile; fileRef = 02D1598423136D8600D27197 /* PhotoAPI.swift */; };
		02D15989231384D200D27197 /* PhotoService.swift in Sources */ = {isa = PBXBuildFile; fileRef = 02D15988231384D200D27197 /* PhotoService.swift */; };
		02D1598B231384EA00D27197 /* ViewModel.swift in Sources */ = {isa = PBXBuildFile; fileRef = 02D1598A231384EA00D27197 /* ViewModel.swift */; };
		02D1598D2314B34D00D27197 /* DetailViewController.swift in Sources */ = {isa = PBXBuildFile; fileRef = 02D1598C2314B34D00D27197 /* DetailViewController.swift */; };
/* End PBXBuildFile section */

/* Begin PBXFileReference section */
		02D1595923101E6F00D27197 /* iOSPhotoAPI.app */ = {isa = PBXFileReference; explicitFileType = wrapper.application; includeInIndex = 0; path = iOSPhotoAPI.app; sourceTree = BUILT_PRODUCTS_DIR; };
		02D1595C23101E6F00D27197 /* AppDelegate.swift */ = {isa = PBXFileReference; lastKnownFileType = sourcecode.swift; path = AppDelegate.swift; sourceTree = "<group>"; };
		02D1596123101E6F00D27197 /* Base */ = {isa = PBXFileReference; lastKnownFileType = file.storyboard; name = Base; path = Base.lproj/Main.storyboard; sourceTree = "<group>"; };
		02D1596323101E7000D27197 /* Assets.xcassets */ = {isa = PBXFileReference; lastKnownFileType = folder.assetcatalog; path = Assets.xcassets; sourceTree = "<group>"; };
		02D1596623101E7000D27197 /* Base */ = {isa = PBXFileReference; lastKnownFileType = file.storyboard; name = Base; path = Base.lproj/LaunchScreen.storyboard; sourceTree = "<group>"; };
		02D1596823101E7000D27197 /* Info.plist */ = {isa = PBXFileReference; lastKnownFileType = text.plist.xml; path = Info.plist; sourceTree = "<group>"; };
		02D15973231024AC00D27197 /* ListViewController.swift */ = {isa = PBXFileReference; lastKnownFileType = sourcecode.swift; path = ListViewController.swift; sourceTree = "<group>"; };
		02D15975231026E200D27197 /* FeatureViewController.swift */ = {isa = PBXFileReference; lastKnownFileType = sourcecode.swift; path = FeatureViewController.swift; sourceTree = "<group>"; };
		02D159772310274D00D27197 /* GridViewController.swift */ = {isa = PBXFileReference; lastKnownFileType = sourcecode.swift; path = GridViewController.swift; sourceTree = "<group>"; };
		02D1597B2310312400D27197 /* PhotoTableCell.swift */ = {isa = PBXFileReference; lastKnownFileType = sourcecode.swift; path = PhotoTableCell.swift; sourceTree = "<group>"; };
		02D1597D2310398300D27197 /* Photo.swift */ = {isa = PBXFileReference; lastKnownFileType = sourcecode.swift; path = Photo.swift; sourceTree = "<group>"; };
		02D1597F231342C200D27197 /* PhotoCollectionCell.swift */ = {isa = PBXFileReference; lastKnownFileType = sourcecode.swift; path = PhotoCollectionCell.swift; sourceTree = "<group>"; };
		02D1598423136D8600D27197 /* PhotoAPI.swift */ = {isa = PBXFileReference; lastKnownFileType = sourcecode.swift; path = PhotoAPI.swift; sourceTree = "<group>"; };
		02D15988231384D200D27197 /* PhotoService.swift */ = {isa = PBXFileReference; fileEncoding = 4; lastKnownFileType = sourcecode.swift; path = PhotoService.swift; sourceTree = "<group>"; };
		02D1598A231384EA00D27197 /* ViewModel.swift */ = {isa = PBXFileReference; fileEncoding = 4; lastKnownFileType = sourcecode.swift; path = ViewModel.swift; sourceTree = "<group>"; };
		02D1598C2314B34D00D27197 /* DetailViewController.swift */ = {isa = PBXFileReference; lastKnownFileType = sourcecode.swift; path = DetailViewController.swift; sourceTree = "<group>"; };
/* End PBXFileReference section */

/* Begin PBXFrameworksBuildPhase section */
		02D1595623101E6F00D27197 /* Frameworks */ = {
			isa = PBXFrameworksBuildPhase;
			buildActionMask = 2147483647;
			files = (
			);
			runOnlyForDeploymentPostprocessing = 0;
		};
/* End PBXFrameworksBuildPhase section */

/* Begin PBXGroup section */
		02D1595023101E6F00D27197 = {
			isa = PBXGroup;
			children = (
				02D1595B23101E6F00D27197 /* iOSPhotoAPI */,
				02D1595A23101E6F00D27197 /* Products */,
			);
			sourceTree = "<group>";
		};
		02D1595A23101E6F00D27197 /* Products */ = {
			isa = PBXGroup;
			children = (
				02D1595923101E6F00D27197 /* iOSPhotoAPI.app */,
			);
			name = Products;
			sourceTree = "<group>";
		};
		02D1595B23101E6F00D27197 /* iOSPhotoAPI */ = {
			isa = PBXGroup;
			children = (
				02D1597023101ED600D27197 /* Model */,
				02D159812313695700D27197 /* ViewModel */,
				02D1597123101EE200D27197 /* Service */,
				02D1596F23101EB500D27197 /* Views */,
				02D1596E23101EA100D27197 /* ViewControllers */,
				02D1597223101EEB00D27197 /* Storyboard */,
				02D1595C23101E6F00D27197 /* AppDelegate.swift */,
				02D1596323101E7000D27197 /* Assets.xcassets */,
				02D1596823101E7000D27197 /* Info.plist */,
			);
			path = iOSPhotoAPI;
			sourceTree = "<group>";
		};
		02D1596E23101EA100D27197 /* ViewControllers */ = {
			isa = PBXGroup;
			children = (
				02D15973231024AC00D27197 /* ListViewController.swift */,
				02D15975231026E200D27197 /* FeatureViewController.swift */,
				02D159772310274D00D27197 /* GridViewController.swift */,
				02D1598C2314B34D00D27197 /* DetailViewController.swift */,
			);
			path = ViewControllers;
			sourceTree = "<group>";
		};
		02D1596F23101EB500D27197 /* Views */ = {
			isa = PBXGroup;
			children = (
				02D1597B2310312400D27197 /* PhotoTableCell.swift */,
				02D1597F231342C200D27197 /* PhotoCollectionCell.swift */,
			);
			path = Views;
			sourceTree = "<group>";
		};
		02D1597023101ED600D27197 /* Model */ = {
			isa = PBXGroup;
			children = (
				02D1597D2310398300D27197 /* Photo.swift */,
			);
			path = Model;
			sourceTree = "<group>";
		};
		02D1597123101EE200D27197 /* Service */ = {
			isa = PBXGroup;
			children = (
				02D1598423136D8600D27197 /* PhotoAPI.swift */,
				02D15988231384D200D27197 /* PhotoService.swift */,
			);
			path = Service;
			sourceTree = "<group>";
		};
		02D1597223101EEB00D27197 /* Storyboard */ = {
			isa = PBXGroup;
			children = (
				02D1596023101E6F00D27197 /* Main.storyboard */,
				02D1596523101E7000D27197 /* LaunchScreen.storyboard */,
			);
			path = Storyboard;
			sourceTree = "<group>";
		};
		02D159812313695700D27197 /* ViewModel */ = {
			isa = PBXGroup;
			children = (
				02D1598A231384EA00D27197 /* ViewModel.swift */,
			);
			path = ViewModel;
			sourceTree = "<group>";
		};
/* End PBXGroup section */

/* Begin PBXNativeTarget section */
		02D1595823101E6F00D27197 /* iOSPhotoAPI */ = {
			isa = PBXNativeTarget;
			buildConfigurationList = 02D1596B23101E7000D27197 /* Build configuration list for PBXNativeTarget "iOSPhotoAPI" */;
			buildPhases = (
				02D1595523101E6F00D27197 /* Sources */,
				02D1595623101E6F00D27197 /* Frameworks */,
				02D1595723101E6F00D27197 /* Resources */,
			);
			buildRules = (
			);
			dependencies = (
			);
			name = iOSPhotoAPI;
			productName = iOSPhotoAPI;
			productReference = 02D1595923101E6F00D27197 /* iOSPhotoAPI.app */;
			productType = "com.apple.product-type.application";
		};
/* End PBXNativeTarget section */

/* Begin PBXProject section */
		02D1595123101E6F00D27197 /* Project object */ = {
			isa = PBXProject;
			attributes = {
				LastSwiftUpdateCheck = 1030;
				LastUpgradeCheck = 1030;
				ORGANIZATIONNAME = MAC;
				TargetAttributes = {
					02D1595823101E6F00D27197 = {
						CreatedOnToolsVersion = 10.3;
					};
				};
			};
			buildConfigurationList = 02D1595423101E6F00D27197 /* Build configuration list for PBXProject "iOSPhotoAPI" */;
			compatibilityVersion = "Xcode 9.3";
			developmentRegion = en;
			hasScannedForEncodings = 0;
			knownRegions = (
				en,
				Base,
			);
			mainGroup = 02D1595023101E6F00D27197;
			productRefGroup = 02D1595A23101E6F00D27197 /* Products */;
			projectDirPath = "";
			projectRoot = "";
			targets = (
				02D1595823101E6F00D27197 /* iOSPhotoAPI */,
			);
		};
/* End PBXProject section */

/* Begin PBXResourcesBuildPhase section */
		02D1595723101E6F00D27197 /* Resources */ = {
			isa = PBXResourcesBuildPhase;
			buildActionMask = 2147483647;
			files = (
				02D1596723101E7000D27197 /* LaunchScreen.storyboard in Resources */,
				02D1596423101E7000D27197 /* Assets.xcassets in Resources */,
				02D1596223101E6F00D27197 /* Main.storyboard in Resources */,
			);
			runOnlyForDeploymentPostprocessing = 0;
		};
/* End PBXResourcesBuildPhase section */

/* Begin PBXSourcesBuildPhase section */
		02D1595523101E6F00D27197 /* Sources */ = {
			isa = PBXSourcesBuildPhase;
			buildActionMask = 2147483647;
			files = (
				02D1598D2314B34D00D27197 /* DetailViewController.swift in Sources */,
				02D1598B231384EA00D27197 /* ViewModel.swift in Sources */,
				02D1597E2310398300D27197 /* Photo.swift in Sources */,
				02D159782310274D00D27197 /* GridViewController.swift in Sources */,
				02D15989231384D200D27197 /* PhotoService.swift in Sources */,
				02D15976231026E200D27197 /* FeatureViewController.swift in Sources */,
				02D1597C2310312400D27197 /* PhotoTableCell.swift in Sources */,
				02D1595D23101E6F00D27197 /* AppDelegate.swift in Sources */,
				02D1598523136D8600D27197 /* PhotoAPI.swift in Sources */,
				02D15974231024AC00D27197 /* ListViewController.swift in Sources */,
				02D15980231342C200D27197 /* PhotoCollectionCell.swift in Sources */,
			);
			runOnlyForDeploymentPostprocessing = 0;
		};
/* End PBXSourcesBuildPhase section */

/* Begin PBXVariantGroup section */
		02D1596023101E6F00D27197 /* Main.storyboard */ = {
			isa = PBXVariantGroup;
			children = (
				02D1596123101E6F00D27197 /* Base */,
			);
			name = Main.storyboard;
			sourceTree = "<group>";
		};
		02D1596523101E7000D27197 /* LaunchScreen.storyboard */ = {
			isa = PBXVariantGroup;
			children = (
				02D1596623101E7000D27197 /* Base */,
			);
			name = LaunchScreen.storyboard;
			sourceTree = "<group>";
		};
/* End PBXVariantGroup section */

/* Begin XCBuildConfiguration section */
		02D1596923101E7000D27197 /* Debug */ = {
			isa = XCBuildConfiguration;
			buildSettings = {
				ALWAYS_SEARCH_USER_PATHS = NO;
				CLANG_ANALYZER_NONNULL = YES;
				CLANG_ANALYZER_NUMBER_OBJECT_CONVERSION = YES_AGGRESSIVE;
				CLANG_CXX_LANGUAGE_STANDARD = "gnu++14";
				CLANG_CXX_LIBRARY = "libc++";
				CLANG_ENABLE_MODULES = YES;
				CLANG_ENABLE_OBJC_ARC = YES;
				CLANG_ENABLE_OBJC_WEAK = YES;
				CLANG_WARN_BLOCK_CAPTURE_AUTORELEASING = YES;
				CLANG_WARN_BOOL_CONVERSION = YES;
				CLANG_WARN_COMMA = YES;
				CLANG_WARN_CONSTANT_CONVERSION = YES;
				CLANG_WARN_DEPRECATED_OBJC_IMPLEMENTATIONS = YES;
				CLANG_WARN_DIRECT_OBJC_ISA_USAGE = YES_ERROR;
				CLANG_WARN_DOCUMENTATION_COMMENTS = YES;
				CLANG_WARN_EMPTY_BODY = YES;
				CLANG_WARN_ENUM_CONVERSION = YES;
				CLANG_WARN_INFINITE_RECURSION = YES;
				CLANG_WARN_INT_CONVERSION = YES;
				CLANG_WARN_NON_LITERAL_NULL_CONVERSION = YES;
				CLANG_WARN_OBJC_IMPLICIT_RETAIN_SELF = YES;
				CLANG_WARN_OBJC_LITERAL_CONVERSION = YES;
				CLANG_WARN_OBJC_ROOT_CLASS = YES_ERROR;
				CLANG_WARN_RANGE_LOOP_ANALYSIS = YES;
				CLANG_WARN_STRICT_PROTOTYPES = YES;
				CLANG_WARN_SUSPICIOUS_MOVE = YES;
				CLANG_WARN_UNGUARDED_AVAILABILITY = YES_AGGRESSIVE;
				CLANG_WARN_UNREACHABLE_CODE = YES;
				CLANG_WARN__DUPLICATE_METHOD_MATCH = YES;
				CODE_SIGN_IDENTITY = "iPhone Developer";
				COPY_PHASE_STRIP = NO;
				DEBUG_INFORMATION_FORMAT = dwarf;
				ENABLE_STRICT_OBJC_MSGSEND = YES;
				ENABLE_TESTABILITY = YES;
				GCC_C_LANGUAGE_STANDARD = gnu11;
				GCC_DYNAMIC_NO_PIC = NO;
				GCC_NO_COMMON_BLOCKS = YES;
				GCC_OPTIMIZATION_LEVEL = 0;
				GCC_PREPROCESSOR_DEFINITIONS = (
					"DEBUG=1",
					"$(inherited)",
				);
				GCC_WARN_64_TO_32_BIT_CONVERSION = YES;
				GCC_WARN_ABOUT_RETURN_TYPE = YES_ERROR;
				GCC_WARN_UNDECLARED_SELECTOR = YES;
				GCC_WARN_UNINITIALIZED_AUTOS = YES_AGGRESSIVE;
				GCC_WARN_UNUSED_FUNCTION = YES;
				GCC_WARN_UNUSED_VARIABLE = YES;
				IPHONEOS_DEPLOYMENT_TARGET = 12.4;
				MTL_ENABLE_DEBUG_INFO = INCLUDE_SOURCE;
				MTL_FAST_MATH = YES;
				ONLY_ACTIVE_ARCH = YES;
				SDKROOT = iphoneos;
				SWIFT_ACTIVE_COMPILATION_CONDITIONS = DEBUG;
				SWIFT_OPTIMIZATION_LEVEL = "-Onone";
			};
			name = Debug;
		};
		02D1596A23101E7000D27197 /* Release */ = {
			isa = XCBuildConfiguration;
			buildSettings = {
				ALWAYS_SEARCH_USER_PATHS = NO;
				CLANG_ANALYZER_NONNULL = YES;
				CLANG_ANALYZER_NUMBER_OBJECT_CONVERSION = YES_AGGRESSIVE;
				CLANG_CXX_LANGUAGE_STANDARD = "gnu++14";
				CLANG_CXX_LIBRARY = "libc++";
				CLANG_ENABLE_MODULES = YES;
				CLANG_ENABLE_OBJC_ARC = YES;
				CLANG_ENABLE_OBJC_WEAK = YES;
				CLANG_WARN_BLOCK_CAPTURE_AUTORELEASING = YES;
				CLANG_WARN_BOOL_CONVERSION = YES;
				CLANG_WARN_COMMA = YES;
				CLANG_WARN_CONSTANT_CONVERSION = YES;
				CLANG_WARN_DEPRECATED_OBJC_IMPLEMENTATIONS = YES;
				CLANG_WARN_DIRECT_OBJC_ISA_USAGE = YES_ERROR;
				CLANG_WARN_DOCUMENTATION_COMMENTS = YES;
				CLANG_WARN_EMPTY_BODY = YES;
				CLANG_WARN_ENUM_CONVERSION = YES;
				CLANG_WARN_INFINITE_RECURSION = YES;
				CLANG_WARN_INT_CONVERSION = YES;
				CLANG_WARN_NON_LITERAL_NULL_CONVERSION = YES;
				CLANG_WARN_OBJC_IMPLICIT_RETAIN_SELF = YES;
				CLANG_WARN_OBJC_LITERAL_CONVERSION = YES;
				CLANG_WARN_OBJC_ROOT_CLASS = YES_ERROR;
				CLANG_WARN_RANGE_LOOP_ANALYSIS = YES;
				CLANG_WARN_STRICT_PROTOTYPES = YES;
				CLANG_WARN_SUSPICIOUS_MOVE = YES;
				CLANG_WARN_UNGUARDED_AVAILABILITY = YES_AGGRESSIVE;
				CLANG_WARN_UNREACHABLE_CODE = YES;
				CLANG_WARN__DUPLICATE_METHOD_MATCH = YES;
				CODE_SIGN_IDENTITY = "iPhone Developer";
				COPY_PHASE_STRIP = NO;
				DEBUG_INFORMATION_FORMAT = "dwarf-with-dsym";
				ENABLE_NS_ASSERTIONS = NO;
				ENABLE_STRICT_OBJC_MSGSEND = YES;
				GCC_C_LANGUAGE_STANDARD = gnu11;
				GCC_NO_COMMON_BLOCKS = YES;
				GCC_WARN_64_TO_32_BIT_CONVERSION = YES;
				GCC_WARN_ABOUT_RETURN_TYPE = YES_ERROR;
				GCC_WARN_UNDECLARED_SELECTOR = YES;
				GCC_WARN_UNINITIALIZED_AUTOS = YES_AGGRESSIVE;
				GCC_WARN_UNUSED_FUNCTION = YES;
				GCC_WARN_UNUSED_VARIABLE = YES;
				IPHONEOS_DEPLOYMENT_TARGET = 12.4;
				MTL_ENABLE_DEBUG_INFO = NO;
				MTL_FAST_MATH = YES;
				SDKROOT = iphoneos;
				SWIFT_COMPILATION_MODE = wholemodule;
				SWIFT_OPTIMIZATION_LEVEL = "-O";
				VALIDATE_PRODUCT = YES;
			};
			name = Release;
		};
		02D1596C23101E7000D27197 /* Debug */ = {
			isa = XCBuildConfiguration;
			buildSettings = {
				ASSETCATALOG_COMPILER_APPICON_NAME = AppIcon;
				CODE_SIGN_STYLE = Automatic;
				INFOPLIST_FILE = iOSPhotoAPI/Info.plist;
				LD_RUNPATH_SEARCH_PATHS = (
					"$(inherited)",
					"@executable_path/Frameworks",
				);
				PRODUCT_BUNDLE_IDENTIFIER = "Aaron-Strong.iOSPhotoAPI";
				PRODUCT_NAME = "$(TARGET_NAME)";
				SWIFT_VERSION = 5.0;
				TARGETED_DEVICE_FAMILY = "1,2";
			};
			name = Debug;
		};
		02D1596D23101E7000D27197 /* Release */ = {
			isa = XCBuildConfiguration;
			buildSettings = {
				ASSETCATALOG_COMPILER_APPICON_NAME = AppIcon;
				CODE_SIGN_STYLE = Automatic;
				INFOPLIST_FILE = iOSPhotoAPI/Info.plist;
				LD_RUNPATH_SEARCH_PATHS = (
					"$(inherited)",
					"@executable_path/Frameworks",
				);
				PRODUCT_BUNDLE_IDENTIFIER = "Aaron-Strong.iOSPhotoAPI";
				PRODUCT_NAME = "$(TARGET_NAME)";
				SWIFT_VERSION = 5.0;
				TARGETED_DEVICE_FAMILY = "1,2";
			};
			name = Release;
		};
/* End XCBuildConfiguration section */

/* Begin XCConfigurationList section */
		02D1595423101E6F00D27197 /* Build configuration list for PBXProject "iOSPhotoAPI" */ = {
			isa = XCConfigurationList;
			buildConfigurations = (
				02D1596923101E7000D27197 /* Debug */,
				02D1596A23101E7000D27197 /* Release */,
			);
			defaultConfigurationIsVisible = 0;
			defaultConfigurationName = Release;
		};
		02D1596B23101E7000D27197 /* Build configuration list for PBXNativeTarget "iOSPhotoAPI" */ = {
			isa = XCConfigurationList;
			buildConfigurations = (
				02D1596C23101E7000D27197 /* Debug */,
				02D1596D23101E7000D27197 /* Release */,
			);
			defaultConfigurationIsVisible = 0;
			defaultConfigurationName = Release;
		};
/* End XCConfigurationList section */
	};
	rootObject = 02D1595123101E6F00D27197 /* Project object */;
}
